
Microsoft Visual Studio Solution File, Format Version 12.00
# Visual Studio Version 17
VisualStudioVersion = 17.9.34616.47
MinimumVisualStudioVersion = 10.0.40219.1
Project("{FAE04EC0-301F-11D3-BF4B-00C04F79EFBC}") = "TelaLogin.Android", "TelaLogin\TelaLogin.Android\TelaLogin.Android.csproj", "{0D22EB70-A88E-46D7-8900-B475AEC1DEF1}"
EndProject
Project("{FAE04EC0-301F-11D3-BF4B-00C04F79EFBC}") = "TelaLogin.iOS", "TelaLogin\TelaLogin.iOS\TelaLogin.iOS.csproj", "{E2E0695D-8EF6-400D-BD89-D0048DCD4170}"
EndProject
Project("{FAE04EC0-301F-11D3-BF4B-00C04F79EFBC}") = "TelaLogin", "TelaLogin\TelaLogin\TelaLogin.csproj", "{3AFEE21D-6103-4EAB-800C-5CCD355B8813}"
EndProject
Global
	GlobalSection(SolutionConfigurationPlatforms) = preSolution
		Debug|Any CPU = Debug|Any CPU
		Debug|iPhone = Debug|iPhone
		Debug|iPhoneSimulator = Debug|iPhoneSimulator
		Release|Any CPU = Release|Any CPU
		Release|iPhone = Release|iPhone
		Release|iPhoneSimulator = Release|iPhoneSimulator
	EndGlobalSection
	GlobalSection(ProjectConfigurationPlatforms) = postSolution
		{0D22EB70-A88E-46D7-8900-B475AEC1DEF1}.Debug|Any CPU.ActiveCfg = Debug|Any CPU
		{0D22EB70-A88E-46D7-8900-B475AEC1DEF1}.Debug|Any CPU.Build.0 = Debug|Any CPU
		{0D22EB70-A88E-46D7-8900-B475AEC1DEF1}.Debug|Any CPU.Deploy.0 = Debug|Any CPU
		{0D22EB70-A88E-46D7-8900-B475AEC1DEF1}.Debug|iPhone.ActiveCfg = Debug|Any CPU
		{0D22EB70-A88E-46D7-8900-B475AEC1DEF1}.Debug|iPhone.Build.0 = Debug|Any CPU
		{0D22EB70-A88E-46D7-8900-B475AEC1DEF1}.Debug|iPhone.Deploy.0 = Debug|Any CPU
		{0D22EB70-A88E-46D7-8900-B475AEC1DEF1}.Debug|iPhoneSimulator.ActiveCfg = Debug|Any CPU
		{0D22EB70-A88E-46D7-8900-B475AEC1DEF1}.Debug|iPhoneSimulator.Build.0 = Debug|Any CPU
		{0D22EB70-A88E-46D7-8900-B475AEC1DEF1}.Debug|iPhoneSimulator.Deploy.0 = Debug|Any CPU
		{0D22EB70-A88E-46D7-8900-B475AEC1DEF1}.Release|Any CPU.ActiveCfg = Release|Any CPU
		{0D22EB70-A88E-46D7-8900-B475AEC1DEF1}.Release|Any CPU.Build.0 = Release|Any CPU
		{0D22EB70-A88E-46D7-8900-B475AEC1DEF1}.Release|Any CPU.Deploy.0 = Release|Any CPU
		{0D22EB70-A88E-46D7-8900-B475AEC1DEF1}.Release|iPhone.ActiveCfg = Release|Any CPU
		{0D22EB70-A88E-46D7-8900-B475AEC1DEF1}.Release|iPhone.Build.0 = Release|Any CPU
		{0D22EB70-A88E-46D7-8900-B475AEC1DEF1}.Release|iPhone.Deploy.0 = Release|Any CPU
		{0D22EB70-A88E-46D7-8900-B475AEC1DEF1}.Release|iPhoneSimulator.ActiveCfg = Release|Any CPU
		{0D22EB70-A88E-46D7-8900-B475AEC1DEF1}.Release|iPhoneSimulator.Build.0 = Release|Any CPU
		{0D22EB70-A88E-46D7-8900-B475AEC1DEF1}.Release|iPhoneSimulator.Deploy.0 = Release|Any CPU
		{E2E0695D-8EF6-400D-BD89-D0048DCD4170}.Debug|Any CPU.ActiveCfg = Debug|iPhone
		{E2E0695D-8EF6-400D-BD89-D0048DCD4170}.Debug|Any CPU.Build.0 = Debug|iPhone
		{E2E0695D-8EF6-400D-BD89-D0048DCD4170}.Debug|Any CPU.Deploy.0 = Debug|iPhone
		{E2E0695D-8EF6-400D-BD89-D0048DCD4170}.Debug|iPhone.ActiveCfg = Debug|iPhone
		{E2E0695D-8EF6-400D-BD89-D0048DCD4170}.Debug|iPhone.Build.0 = Debug|iPhone
		{E2E0695D-8EF6-400D-BD89-D0048DCD4170}.Debug|iPhone.Deploy.0 = Debug|iPhone
		{E2E0695D-8EF6-400D-BD89-D0048DCD4170}.Debug|iPhoneSimulator.ActiveCfg = Debug|iPhoneSimulator
		{E2E0695D-8EF6-400D-BD89-D0048DCD4170}.Debug|iPhoneSimulator.Build.0 = Debug|iPhoneSimulator
		{E2E0695D-8EF6-400D-BD89-D0048DCD4170}.Debug|iPhoneSimulator.Deploy.0 = Debug|iPhoneSimulator
		{E2E0695D-8EF6-400D-BD89-D0048DCD4170}.Release|Any CPU.ActiveCfg = Release|iPhoneSimulator
		{E2E0695D-8EF6-400D-BD89-D0048DCD4170}.Release|Any CPU.Build.0 = Release|iPhoneSimulator
		{E2E0695D-8EF6-400D-BD89-D0048DCD4170}.Release|Any CPU.Deploy.0 = Release|iPhoneSimulator
		{E2E0695D-8EF6-400D-BD89-D0048DCD4170}.Release|iPhone.ActiveCfg = Release|iPhone
		{E2E0695D-8EF6-400D-BD89-D0048DCD4170}.Release|iPhone.Build.0 = Release|iPhone
		{E2E0695D-8EF6-400D-BD89-D0048DCD4170}.Release|iPhone.Deploy.0 = Release|iPhone
		{E2E0695D-8EF6-400D-BD89-D0048DCD4170}.Release|iPhoneSimulator.ActiveCfg = Release|iPhoneSimulator
		{E2E0695D-8EF6-400D-BD89-D0048DCD4170}.Release|iPhoneSimulator.Build.0 = Release|iPhoneSimulator
		{E2E0695D-8EF6-400D-BD89-D0048DCD4170}.Release|iPhoneSimulator.Deploy.0 = Release|iPhoneSimulator
		{3AFEE21D-6103-4EAB-800C-5CCD355B8813}.Debug|Any CPU.ActiveCfg = Debug|Any CPU
		{3AFEE21D-6103-4EAB-800C-5CCD355B8813}.Debug|Any CPU.Build.0 = Debug|Any CPU
		{3AFEE21D-6103-4EAB-800C-5CCD355B8813}.Debug|Any CPU.Deploy.0 = Debug|Any CPU
		{3AFEE21D-6103-4EAB-800C-5CCD355B8813}.Debug|iPhone.ActiveCfg = Debug|Any CPU
		{3AFEE21D-6103-4EAB-800C-5CCD355B8813}.Debug|iPhone.Build.0 = Debug|Any CPU
		{3AFEE21D-6103-4EAB-800C-5CCD355B8813}.Debug|iPhone.Deploy.0 = Debug|Any CPU
		{3AFEE21D-6103-4EAB-800C-5CCD355B8813}.Debug|iPhoneSimulator.ActiveCfg = Debug|Any CPU
		{3AFEE21D-6103-4EAB-800C-5CCD355B8813}.Debug|iPhoneSimulator.Build.0 = Debug|Any CPU
		{3AFEE21D-6103-4EAB-800C-5CCD355B8813}.Debug|iPhoneSimulator.Deploy.0 = Debug|Any CPU
		{3AFEE21D-6103-4EAB-800C-5CCD355B8813}.Release|Any CPU.ActiveCfg = Release|Any CPU
		{3AFEE21D-6103-4EAB-800C-5CCD355B8813}.Release|Any CPU.Build.0 = Release|Any CPU
		{3AFEE21D-6103-4EAB-800C-5CCD355B8813}.Release|Any CPU.Deploy.0 = Release|Any CPU
		{3AFEE21D-6103-4EAB-800C-5CCD355B8813}.Release|iPhone.ActiveCfg = Release|Any CPU
		{3AFEE21D-6103-4EAB-800C-5CCD355B8813}.Release|iPhone.Build.0 = Release|Any CPU
		{3AFEE21D-6103-4EAB-800C-5CCD355B8813}.Release|iPhone.Deploy.0 = Release|Any CPU
		{3AFEE21D-6103-4EAB-800C-5CCD355B8813}.Release|iPhoneSimulator.ActiveCfg = Release|Any CPU
		{3AFEE21D-6103-4EAB-800C-5CCD355B8813}.Release|iPhoneSimulator.Build.0 = Release|Any CPU
		{3AFEE21D-6103-4EAB-800C-5CCD355B8813}.Release|iPhoneSimulator.Deploy.0 = Release|Any CPU
	EndGlobalSection
	GlobalSection(SolutionProperties) = preSolution
		HideSolutionNode = FALSE
	EndGlobalSection
	GlobalSection(ExtensibilityGlobals) = postSolution
		SolutionGuid = {BA72ADC2-E6B4-46A1-8CC6-C17F96CC82A9}
	EndGlobalSection
EndGlobal
